// !$*UTF8*$!
{
	archiveVersion = 1;
	classes = {
	};
	objectVersion = 46;
	objects = {

/* Begin PBXBuildFile section */
		56E9F05F17F0BD4B009D7CAD /* Foundation.framework in Frameworks */ = {isa = PBXBuildFile; fileRef = 56E9F05E17F0BD4B009D7CAD /* Foundation.framework */; };
		56E9F06117F0BD4B009D7CAD /* CoreGraphics.framework in Frameworks */ = {isa = PBXBuildFile; fileRef = 56E9F06017F0BD4B009D7CAD /* CoreGraphics.framework */; };
		56E9F06317F0BD4B009D7CAD /* UIKit.framework in Frameworks */ = {isa = PBXBuildFile; fileRef = 56E9F06217F0BD4B009D7CAD /* UIKit.framework */; };
		56E9F06917F0BD4B009D7CAD /* InfoPlist.strings in Resources */ = {isa = PBXBuildFile; fileRef = 56E9F06717F0BD4B009D7CAD /* InfoPlist.strings */; };
		56E9F06B17F0BD4B009D7CAD /* main.m in Sources */ = {isa = PBXBuildFile; fileRef = 56E9F06A17F0BD4B009D7CAD /* main.m */; };
		56E9F06F17F0BD4B009D7CAD /* AppDelegate.m in Sources */ = {isa = PBXBuildFile; fileRef = 56E9F06E17F0BD4B009D7CAD /* AppDelegate.m */; };
		56E9F07217F0BD4B009D7CAD /* Main_iPhone.storyboard in Resources */ = {isa = PBXBuildFile; fileRef = 56E9F07017F0BD4B009D7CAD /* Main_iPhone.storyboard */; };
		56E9F07517F0BD4B009D7CAD /* Main_iPad.storyboard in Resources */ = {isa = PBXBuildFile; fileRef = 56E9F07317F0BD4B009D7CAD /* Main_iPad.storyboard */; };
		56E9F07817F0BD4B009D7CAD /* ViewController.m in Sources */ = {isa = PBXBuildFile; fileRef = 56E9F07717F0BD4B009D7CAD /* ViewController.m */; };
		56E9F07A17F0BD4B009D7CAD /* Images.xcassets in Resources */ = {isa = PBXBuildFile; fileRef = 56E9F07917F0BD4B009D7CAD /* Images.xcassets */; };
		56E9F08117F0BD4B009D7CAD /* XCTest.framework in Frameworks */ = {isa = PBXBuildFile; fileRef = 56E9F08017F0BD4B009D7CAD /* XCTest.framework */; };
		56E9F08217F0BD4B009D7CAD /* Foundation.framework in Frameworks */ = {isa = PBXBuildFile; fileRef = 56E9F05E17F0BD4B009D7CAD /* Foundation.framework */; };
		56E9F08317F0BD4B009D7CAD /* UIKit.framework in Frameworks */ = {isa = PBXBuildFile; fileRef = 56E9F06217F0BD4B009D7CAD /* UIKit.framework */; };
		56E9F08B17F0BD4B009D7CAD /* InfoPlist.strings in Resources */ = {isa = PBXBuildFile; fileRef = 56E9F08917F0BD4B009D7CAD /* InfoPlist.strings */; };
		56E9F08D17F0BD4C009D7CAD /* IBCustomFontsTests.m in Sources */ = {isa = PBXBuildFile; fileRef = 56E9F08C17F0BD4B009D7CAD /* IBCustomFontsTests.m */; };
/* End PBXBuildFile section */

/* Begin PBXContainerItemProxy section */
		56E9F08417F0BD4B009D7CAD /* PBXContainerItemProxy */ = {
			isa = PBXContainerItemProxy;
			containerPortal = 56E9F05317F0BD4B009D7CAD /* Project object */;
			proxyType = 1;
			remoteGlobalIDString = 56E9F05A17F0BD4B009D7CAD;
			remoteInfo = IBCustomFonts;
		};
/* End PBXContainerItemProxy section */

/* Begin PBXFileReference section */
		56E9F05B17F0BD4B009D7CAD /* IBCustomFonts.app */ = {isa = PBXFileReference; explicitFileType = wrapper.application; includeInIndex = 0; path = IBCustomFonts.app; sourceTree = BUILT_PRODUCTS_DIR; };
		56E9F05E17F0BD4B009D7CAD /* Foundation.framework */ = {isa = PBXFileReference; lastKnownFileType = wrapper.framework; name = Foundation.framework; path = System/Library/Frameworks/Foundation.framework; sourceTree = SDKROOT; };
		56E9F06017F0BD4B009D7CAD /* CoreGraphics.framework */ = {isa = PBXFileReference; lastKnownFileType = wrapper.framework; name = CoreGraphics.framework; path = System/Library/Frameworks/CoreGraphics.framework; sourceTree = SDKROOT; };
		56E9F06217F0BD4B009D7CAD /* UIKit.framework */ = {isa = PBXFileReference; lastKnownFileType = wrapper.framework; name = UIKit.framework; path = System/Library/Frameworks/UIKit.framework; sourceTree = SDKROOT; };
		56E9F06617F0BD4B009D7CAD /* IBCustomFonts-Info.plist */ = {isa = PBXFileReference; lastKnownFileType = text.plist.xml; path = "IBCustomFonts-Info.plist"; sourceTree = "<group>"; };
		56E9F06817F0BD4B009D7CAD /* en */ = {isa = PBXFileReference; lastKnownFileType = text.plist.strings; name = en; path = en.lproj/InfoPlist.strings; sourceTree = "<group>"; };
		56E9F06A17F0BD4B009D7CAD /* main.m */ = {isa = PBXFileReference; lastKnownFileType = sourcecode.c.objc; path = main.m; sourceTree = "<group>"; };
		56E9F06C17F0BD4B009D7CAD /* IBCustomFonts-Prefix.pch */ = {isa = PBXFileReference; lastKnownFileType = sourcecode.c.h; path = "IBCustomFonts-Prefix.pch"; sourceTree = "<group>"; };
		56E9F06D17F0BD4B009D7CAD /* AppDelegate.h */ = {isa = PBXFileReference; lastKnownFileType = sourcecode.c.h; path = AppDelegate.h; sourceTree = "<group>"; };
		56E9F06E17F0BD4B009D7CAD /* AppDelegate.m */ = {isa = PBXFileReference; lastKnownFileType = sourcecode.c.objc; path = AppDelegate.m; sourceTree = "<group>"; };
		56E9F07117F0BD4B009D7CAD /* Base */ = {isa = PBXFileReference; lastKnownFileType = file.storyboard; name = Base; path = Base.lproj/Main_iPhone.storyboard; sourceTree = "<group>"; };
		56E9F07417F0BD4B009D7CAD /* Base */ = {isa = PBXFileReference; lastKnownFileType = file.storyboard; name = Base; path = Base.lproj/Main_iPad.storyboard; sourceTree = "<group>"; };
		56E9F07617F0BD4B009D7CAD /* ViewController.h */ = {isa = PBXFileReference; lastKnownFileType = sourcecode.c.h; path = ViewController.h; sourceTree = "<group>"; };
		56E9F07717F0BD4B009D7CAD /* ViewController.m */ = {isa = PBXFileReference; lastKnownFileType = sourcecode.c.objc; path = ViewController.m; sourceTree = "<group>"; };
		56E9F07917F0BD4B009D7CAD /* Images.xcassets */ = {isa = PBXFileReference; lastKnownFileType = folder.assetcatalog; path = Images.xcassets; sourceTree = "<group>"; };
		56E9F07F17F0BD4B009D7CAD /* IBCustomFontsTests.xctest */ = {isa = PBXFileReference; explicitFileType = wrapper.cfbundle; includeInIndex = 0; path = IBCustomFontsTests.xctest; sourceTree = BUILT_PRODUCTS_DIR; };
		56E9F08017F0BD4B009D7CAD /* XCTest.framework */ = {isa = PBXFileReference; lastKnownFileType = wrapper.framework; name = XCTest.framework; path = Library/Frameworks/XCTest.framework; sourceTree = DEVELOPER_DIR; };
		56E9F08817F0BD4B009D7CAD /* IBCustomFontsTests-Info.plist */ = {isa = PBXFileReference; lastKnownFileType = text.plist.xml; path = "IBCustomFontsTests-Info.plist"; sourceTree = "<group>"; };
		56E9F08A17F0BD4B009D7CAD /* en */ = {isa = PBXFileReference; lastKnownFileType = text.plist.strings; name = en; path = en.lproj/InfoPlist.strings; sourceTree = "<group>"; };
		56E9F08C17F0BD4B009D7CAD /* IBCustomFontsTests.m */ = {isa = PBXFileReference; lastKnownFileType = sourcecode.c.objc; path = IBCustomFontsTests.m; sourceTree = "<group>"; };
/* End PBXFileReference section */

/* Begin PBXFrameworksBuildPhase section */
		56E9F05817F0BD4B009D7CAD /* Frameworks */ = {
			isa = PBXFrameworksBuildPhase;
			buildActionMask = 2147483647;
			files = (
				56E9F06117F0BD4B009D7CAD /* CoreGraphics.framework in Frameworks */,
				56E9F06317F0BD4B009D7CAD /* UIKit.framework in Frameworks */,
				56E9F05F17F0BD4B009D7CAD /* Foundation.framework in Frameworks */,
			);
			runOnlyForDeploymentPostprocessing = 0;
		};
		56E9F07C17F0BD4B009D7CAD /* Frameworks */ = {
			isa = PBXFrameworksBuildPhase;
			buildActionMask = 2147483647;
			files = (
				56E9F08117F0BD4B009D7CAD /* XCTest.framework in Frameworks */,
				56E9F08317F0BD4B009D7CAD /* UIKit.framework in Frameworks */,
				56E9F08217F0BD4B009D7CAD /* Foundation.framework in Frameworks */,
			);
			runOnlyForDeploymentPostprocessing = 0;
		};
/* End PBXFrameworksBuildPhase section */

/* Begin PBXGroup section */
		56E9F05217F0BD4B009D7CAD = {
			isa = PBXGroup;
			children = (
				56E9F06417F0BD4B009D7CAD /* IBCustomFonts */,
				56E9F08617F0BD4B009D7CAD /* IBCustomFontsTests */,
				56E9F05D17F0BD4B009D7CAD /* Frameworks */,
				56E9F05C17F0BD4B009D7CAD /* Products */,
			);
			sourceTree = "<group>";
		};
		56E9F05C17F0BD4B009D7CAD /* Products */ = {
			isa = PBXGroup;
			children = (
				56E9F05B17F0BD4B009D7CAD /* IBCustomFonts.app */,
				56E9F07F17F0BD4B009D7CAD /* IBCustomFontsTests.xctest */,
			);
			name = Products;
			sourceTree = "<group>";
		};
		56E9F05D17F0BD4B009D7CAD /* Frameworks */ = {
			isa = PBXGroup;
			children = (
				56E9F05E17F0BD4B009D7CAD /* Foundation.framework */,
				56E9F06017F0BD4B009D7CAD /* CoreGraphics.framework */,
				56E9F06217F0BD4B009D7CAD /* UIKit.framework */,
				56E9F08017F0BD4B009D7CAD /* XCTest.framework */,
			);
			name = Frameworks;
			sourceTree = "<group>";
		};
		56E9F06417F0BD4B009D7CAD /* IBCustomFonts */ = {
			isa = PBXGroup;
			children = (
				56E9F06D17F0BD4B009D7CAD /* AppDelegate.h */,
				56E9F06E17F0BD4B009D7CAD /* AppDelegate.m */,
				56E9F07017F0BD4B009D7CAD /* Main_iPhone.storyboard */,
				56E9F07317F0BD4B009D7CAD /* Main_iPad.storyboard */,
				56E9F07617F0BD4B009D7CAD /* ViewController.h */,
				56E9F07717F0BD4B009D7CAD /* ViewController.m */,
				56E9F07917F0BD4B009D7CAD /* Images.xcassets */,
				56E9F06517F0BD4B009D7CAD /* Supporting Files */,
			);
			path = IBCustomFonts;
			sourceTree = "<group>";
		};
		56E9F06517F0BD4B009D7CAD /* Supporting Files */ = {
			isa = PBXGroup;
			children = (
				56E9F06617F0BD4B009D7CAD /* IBCustomFonts-Info.plist */,
				56E9F06717F0BD4B009D7CAD /* InfoPlist.strings */,
				56E9F06A17F0BD4B009D7CAD /* main.m */,
				56E9F06C17F0BD4B009D7CAD /* IBCustomFonts-Prefix.pch */,
			);
			name = "Supporting Files";
			sourceTree = "<group>";
		};
		56E9F08617F0BD4B009D7CAD /* IBCustomFontsTests */ = {
			isa = PBXGroup;
			children = (
				56E9F08C17F0BD4B009D7CAD /* IBCustomFontsTests.m */,
				56E9F08717F0BD4B009D7CAD /* Supporting Files */,
			);
			path = IBCustomFontsTests;
			sourceTree = "<group>";
		};
		56E9F08717F0BD4B009D7CAD /* Supporting Files */ = {
			isa = PBXGroup;
			children = (
				56E9F08817F0BD4B009D7CAD /* IBCustomFontsTests-Info.plist */,
				56E9F08917F0BD4B009D7CAD /* InfoPlist.strings */,
			);
			name = "Supporting Files";
			sourceTree = "<group>";
		};
/* End PBXGroup section */

/* Begin PBXNativeTarget section */
		56E9F05A17F0BD4B009D7CAD /* IBCustomFonts */ = {
			isa = PBXNativeTarget;
			buildConfigurationList = 56E9F09017F0BD4C009D7CAD /* Build configuration list for PBXNativeTarget "IBCustomFonts" */;
			buildPhases = (
				56E9F05717F0BD4B009D7CAD /* Sources */,
				56E9F05817F0BD4B009D7CAD /* Frameworks */,
				56E9F05917F0BD4B009D7CAD /* Resources */,
			);
			buildRules = (
			);
			dependencies = (
			);
			name = IBCustomFonts;
			productName = IBCustomFonts;
			productReference = 56E9F05B17F0BD4B009D7CAD /* IBCustomFonts.app */;
			productType = "com.apple.product-type.application";
		};
		56E9F07E17F0BD4B009D7CAD /* IBCustomFontsTests */ = {
			isa = PBXNativeTarget;
			buildConfigurationList = 56E9F09317F0BD4C009D7CAD /* Build configuration list for PBXNativeTarget "IBCustomFontsTests" */;
			buildPhases = (
				56E9F07B17F0BD4B009D7CAD /* Sources */,
				56E9F07C17F0BD4B009D7CAD /* Frameworks */,
				56E9F07D17F0BD4B009D7CAD /* Resources */,
			);
			buildRules = (
			);
			dependencies = (
				56E9F08517F0BD4B009D7CAD /* PBXTargetDependency */,
			);
			name = IBCustomFontsTests;
			productName = IBCustomFontsTests;
			productReference = 56E9F07F17F0BD4B009D7CAD /* IBCustomFontsTests.xctest */;
			productType = "com.apple.product-type.bundle.unit-test";
		};
/* End PBXNativeTarget section */

/* Begin PBXProject section */
		56E9F05317F0BD4B009D7CAD /* Project object */ = {
			isa = PBXProject;
			attributes = {
				LastUpgradeCheck = 0500;
				ORGANIZATIONNAME = Deniss;
				TargetAttributes = {
					56E9F07E17F0BD4B009D7CAD = {
						TestTargetID = 56E9F05A17F0BD4B009D7CAD;
					};
				};
			};
			buildConfigurationList = 56E9F05617F0BD4B009D7CAD /* Build configuration list for PBXProject "IBCustomFonts" */;
			compatibilityVersion = "Xcode 3.2";
			developmentRegion = English;
			hasScannedForEncodings = 0;
			knownRegions = (
				en,
				Base,
			);
			mainGroup = 56E9F05217F0BD4B009D7CAD;
			productRefGroup = 56E9F05C17F0BD4B009D7CAD /* Products */;
			projectDirPath = "";
			projectRoot = "";
			targets = (
				56E9F05A17F0BD4B009D7CAD /* IBCustomFonts */,
				56E9F07E17F0BD4B009D7CAD /* IBCustomFontsTests */,
			);
		};
/* End PBXProject section */

/* Begin PBXResourcesBuildPhase section */
		56E9F05917F0BD4B009D7CAD /* Resources */ = {
			isa = PBXResourcesBuildPhase;
			buildActionMask = 2147483647;
			files = (
				56E9F07517F0BD4B009D7CAD /* Main_iPad.storyboard in Resources */,
				56E9F07A17F0BD4B009D7CAD /* Images.xcassets in Resources */,
				56E9F07217F0BD4B009D7CAD /* Main_iPhone.storyboard in Resources */,
				56E9F06917F0BD4B009D7CAD /* InfoPlist.strings in Resources */,
			);
			runOnlyForDeploymentPostprocessing = 0;
		};
		56E9F07D17F0BD4B009D7CAD /* Resources */ = {
			isa = PBXResourcesBuildPhase;
			buildActionMask = 2147483647;
			files = (
				56E9F08B17F0BD4B009D7CAD /* InfoPlist.strings in Resources */,
			);
			runOnlyForDeploymentPostprocessing = 0;
		};
/* End PBXResourcesBuildPhase section */

/* Begin PBXSourcesBuildPhase section */
		56E9F05717F0BD4B009D7CAD /* Sources */ = {
			isa = PBXSourcesBuildPhase;
			buildActionMask = 2147483647;
			files = (
				56E9F07817F0BD4B009D7CAD /* ViewController.m in Sources */,
				56E9F06F17F0BD4B009D7CAD /* AppDelegate.m in Sources */,
				56E9F06B17F0BD4B009D7CAD /* main.m in Sources */,
			);
			runOnlyForDeploymentPostprocessing = 0;
		};
		56E9F07B17F0BD4B009D7CAD /* Sources */ = {
			isa = PBXSourcesBuildPhase;
			buildActionMask = 2147483647;
			files = (
				56E9F08D17F0BD4C009D7CAD /* IBCustomFontsTests.m in Sources */,
			);
			runOnlyForDeploymentPostprocessing = 0;
		};
/* End PBXSourcesBuildPhase section */

/* Begin PBXTargetDependency section */
		56E9F08517F0BD4B009D7CAD /* PBXTargetDependency */ = {
			isa = PBXTargetDependency;
			target = 56E9F05A17F0BD4B009D7CAD /* IBCustomFonts */;
			targetProxy = 56E9F08417F0BD4B009D7CAD /* PBXContainerItemProxy */;
		};
/* End PBXTargetDependency section */

/* Begin PBXVariantGroup section */
		56E9F06717F0BD4B009D7CAD /* InfoPlist.strings */ = {
			isa = PBXVariantGroup;
			children = (
				56E9F06817F0BD4B009D7CAD /* en */,
			);
			name = InfoPlist.strings;
			sourceTree = "<group>";
		};
		56E9F07017F0BD4B009D7CAD /* Main_iPhone.storyboard */ = {
			isa = PBXVariantGroup;
			children = (
				56E9F07117F0BD4B009D7CAD /* Base */,
			);
			name = Main_iPhone.storyboard;
			sourceTree = "<group>";
		};
		56E9F07317F0BD4B009D7CAD /* Main_iPad.storyboard */ = {
			isa = PBXVariantGroup;
			children = (
				56E9F07417F0BD4B009D7CAD /* Base */,
			);
			name = Main_iPad.storyboard;
			sourceTree = "<group>";
		};
		56E9F08917F0BD4B009D7CAD /* InfoPlist.strings */ = {
			isa = PBXVariantGroup;
			children = (
				56E9F08A17F0BD4B009D7CAD /* en */,
			);
			name = InfoPlist.strings;
			sourceTree = "<group>";
		};
/* End PBXVariantGroup section */

/* Begin XCBuildConfiguration section */
		56E9F08E17F0BD4C009D7CAD /* Debug */ = {
			isa = XCBuildConfiguration;
			buildSettings = {
				ALWAYS_SEARCH_USER_PATHS = NO;
				ARCHS = "$(ARCHS_STANDARD_INCLUDING_64_BIT)";
				CLANG_CXX_LANGUAGE_STANDARD = "gnu++0x";
				CLANG_CXX_LIBRARY = "libc++";
				CLANG_ENABLE_MODULES = YES;
				CLANG_ENABLE_OBJC_ARC = YES;
				CLANG_WARN_BOOL_CONVERSION = YES;
				CLANG_WARN_CONSTANT_CONVERSION = YES;
				CLANG_WARN_DIRECT_OBJC_ISA_USAGE = YES_ERROR;
				CLANG_WARN_EMPTY_BODY = YES;
				CLANG_WARN_ENUM_CONVERSION = YES;
				CLANG_WARN_INT_CONVERSION = YES;
				CLANG_WARN_OBJC_ROOT_CLASS = YES_ERROR;
				CLANG_WARN__DUPLICATE_METHOD_MATCH = YES;
				"CODE_SIGN_IDENTITY[sdk=iphoneos*]" = "iPhone Developer";
				COPY_PHASE_STRIP = NO;
				GCC_C_LANGUAGE_STANDARD = gnu99;
				GCC_DYNAMIC_NO_PIC = NO;
				GCC_OPTIMIZATION_LEVEL = 0;
				GCC_PREPROCESSOR_DEFINITIONS = (
					"DEBUG=1",
					"$(inherited)",
				);
				GCC_SYMBOLS_PRIVATE_EXTERN = NO;
				GCC_WARN_64_TO_32_BIT_CONVERSION = YES;
				GCC_WARN_ABOUT_RETURN_TYPE = YES_ERROR;
				GCC_WARN_UNDECLARED_SELECTOR = YES;
				GCC_WARN_UNINITIALIZED_AUTOS = YES;
				GCC_WARN_UNUSED_FUNCTION = YES;
				GCC_WARN_UNUSED_VARIABLE = YES;
				IPHONEOS_DEPLOYMENT_TARGET = 7.0;
				ONLY_ACTIVE_ARCH = YES;
				SDKROOT = iphoneos;
				TARGETED_DEVICE_FAMILY = "1,2";
			};
			name = Debug;
		};
		56E9F08F17F0BD4C009D7CAD /* Release */ = {
			isa = XCBuildConfiguration;
			buildSettings = {
				ALWAYS_SEARCH_USER_PATHS = NO;
				ARCHS = "$(ARCHS_STANDARD_INCLUDING_64_BIT)";
				CLANG_CXX_LANGUAGE_STANDARD = "gnu++0x";
				CLANG_CXX_LIBRARY = "libc++";
				CLANG_ENABLE_MODULES = YES;
				CLANG_ENABLE_OBJC_ARC = YES;
				CLANG_WARN_BOOL_CONVERSION = YES;
				CLANG_WARN_CONSTANT_CONVERSION = YES;
				CLANG_WARN_DIRECT_OBJC_ISA_USAGE = YES_ERROR;
				CLANG_WARN_EMPTY_BODY = YES;
				CLANG_WARN_ENUM_CONVERSION = YES;
				CLANG_WARN_INT_CONVERSION = YES;
				CLANG_WARN_OBJC_ROOT_CLASS = YES_ERROR;
				CLANG_WARN__DUPLICATE_METHOD_MATCH = YES;
				"CODE_SIGN_IDENTITY[sdk=iphoneos*]" = "iPhone Developer";
				COPY_PHASE_STRIP = YES;
				ENABLE_NS_ASSERTIONS = NO;
				GCC_C_LANGUAGE_STANDARD = gnu99;
				GCC_WARN_64_TO_32_BIT_CONVERSION = YES;
				GCC_WARN_ABOUT_RETURN_TYPE = YES_ERROR;
				GCC_WARN_UNDECLARED_SELECTOR = YES;
				GCC_WARN_UNINITIALIZED_AUTOS = YES;
				GCC_WARN_UNUSED_FUNCTION = YES;
				GCC_WARN_UNUSED_VARIABLE = YES;
				IPHONEOS_DEPLOYMENT_TARGET = 7.0;
				SDKROOT = iphoneos;
				TARGETED_DEVICE_FAMILY = "1,2";
				VALIDATE_PRODUCT = YES;
			};
			name = Release;
		};
		56E9F09117F0BD4C009D7CAD /* Debug */ = {
			isa = XCBuildConfiguration;
			buildSettings = {
				ASSETCATALOG_COMPILER_APPICON_NAME = AppIcon;
				ASSETCATALOG_COMPILER_LAUNCHIMAGE_NAME = LaunchImage;
				GCC_PRECOMPILE_PREFIX_HEADER = YES;
				GCC_PREFIX_HEADER = "IBCustomFonts/IBCustomFonts-Prefix.pch";
				INFOPLIST_FILE = "IBCustomFonts/IBCustomFonts-Info.plist";
				PRODUCT_NAME = "$(TARGET_NAME)";
				WRAPPER_EXTENSION = app;
			};
			name = Debug;
		};
		56E9F09217F0BD4C009D7CAD /* Release */ = {
			isa = XCBuildConfiguration;
			buildSettings = {
				ASSETCATALOG_COMPILER_APPICON_NAME = AppIcon;
				ASSETCATALOG_COMPILER_LAUNCHIMAGE_NAME = LaunchImage;
				GCC_PRECOMPILE_PREFIX_HEADER = YES;
				GCC_PREFIX_HEADER = "IBCustomFonts/IBCustomFonts-Prefix.pch";
				INFOPLIST_FILE = "IBCustomFonts/IBCustomFonts-Info.plist";
				PRODUCT_NAME = "$(TARGET_NAME)";
				WRAPPER_EXTENSION = app;
			};
			name = Release;
		};
		56E9F09417F0BD4C009D7CAD /* Debug */ = {
			isa = XCBuildConfiguration;
			buildSettings = {
				ARCHS = "$(ARCHS_STANDARD_INCLUDING_64_BIT)";
				BUNDLE_LOADER = "$(BUILT_PRODUCTS_DIR)/IBCustomFonts.app/IBCustomFonts";
				FRAMEWORK_SEARCH_PATHS = (
					"$(SDKROOT)/Developer/Library/Frameworks",
					"$(inherited)",
					"$(DEVELOPER_FRAMEWORKS_DIR)",
				);
				GCC_PRECOMPILE_PREFIX_HEADER = YES;
				GCC_PREFIX_HEADER = "IBCustomFonts/IBCustomFonts-Prefix.pch";
				GCC_PREPROCESSOR_DEFINITIONS = (
					"DEBUG=1",
					"$(inherited)",
				);
				INFOPLIST_FILE = "IBCustomFontsTests/IBCustomFontsTests-Info.plist";
				PRODUCT_NAME = "$(TARGET_NAME)";
				TEST_HOST = "$(BUNDLE_LOADER)";
				WRAPPER_EXTENSION = xctest;
			};
			name = Debug;
		};
		56E9F09517F0BD4C009D7CAD /* Release */ = {
			isa = XCBuildConfiguration;
			buildSettings = {
				ARCHS = "$(ARCHS_STANDARD_INCLUDING_64_BIT)";
				BUNDLE_LOADER = "$(BUILT_PRODUCTS_DIR)/IBCustomFonts.app/IBCustomFonts";
				FRAMEWORK_SEARCH_PATHS = (
					"$(SDKROOT)/Developer/Library/Frameworks",
					"$(inherited)",
					"$(DEVELOPER_FRAMEWORKS_DIR)",
				);
				GCC_PRECOMPILE_PREFIX_HEADER = YES;
				GCC_PREFIX_HEADER = "IBCustomFonts/IBCustomFonts-Prefix.pch";
				INFOPLIST_FILE = "IBCustomFontsTests/IBCustomFontsTests-Info.plist";
				PRODUCT_NAME = "$(TARGET_NAME)";
				TEST_HOST = "$(BUNDLE_LOADER)";
				WRAPPER_EXTENSION = xctest;
			};
			name = Release;
		};
/* End XCBuildConfiguration section */

/* Begin XCConfigurationList section */
		56E9F05617F0BD4B009D7CAD /* Build configuration list for PBXProject "IBCustomFonts" */ = {
			isa = XCConfigurationList;
			buildConfigurations = (
				56E9F08E17F0BD4C009D7CAD /* Debug */,
				56E9F08F17F0BD4C009D7CAD /* Release */,
			);
			defaultConfigurationIsVisible = 0;
			defaultConfigurationName = Release;
		};
		56E9F09017F0BD4C009D7CAD /* Build configuration list for PBXNativeTarget "IBCustomFonts" */ = {
			isa = XCConfigurationList;
			buildConfigurations = (
				56E9F09117F0BD4C009D7CAD /* Debug */,
				56E9F09217F0BD4C009D7CAD /* Release */,
			);
			defaultConfigurationIsVisible = 0;
		};
		56E9F09317F0BD4C009D7CAD /* Build configuration list for PBXNativeTarget "IBCustomFontsTests" */ = {
			isa = XCConfigurationList;
			buildConfigurations = (
				56E9F09417F0BD4C009D7CAD /* Debug */,
				56E9F09517F0BD4C009D7CAD /* Release */,
			);
			defaultConfigurationIsVisible = 0;
		};
/* End XCConfigurationList section */
	};
	rootObject = 56E9F05317F0BD4B009D7CAD /* Project object */;
}
